
Microsoft Visual Studio Solution File, Format Version 12.00
# Visual Studio Version 17
VisualStudioVersion = 17.8.34316.72
MinimumVisualStudioVersion = 10.0.40219.1
Project("{FAE04EC0-301F-11D3-BF4B-00C04F79EFBC}") = "ConsoleApp1_FirstDAY", "ConsoleApp1_FirstDAY\ConsoleApp1_FirstDAY.csproj", "{61831BE0-4475-4195-9CFD-550E202B983A}"
EndProject
Global
	GlobalSection(SolutionConfigurationPlatforms) = preSolution
		Debug|Any CPU = Debug|Any CPU
		Release|Any CPU = Release|Any CPU
	EndGlobalSection
	GlobalSection(ProjectConfigurationPlatforms) = postSolution
		{61831BE0-4475-4195-9CFD-550E202B983A}.Debug|Any CPU.ActiveCfg = Debug|Any CPU
		{61831BE0-4475-4195-9CFD-550E202B983A}.Debug|Any CPU.Build.0 = Debug|Any CPU
		{61831BE0-4475-4195-9CFD-550E202B983A}.Release|Any CPU.ActiveCfg = Release|Any CPU
		{61831BE0-4475-4195-9CFD-550E202B983A}.Release|Any CPU.Build.0 = Release|Any CPU
	EndGlobalSection
	GlobalSection(SolutionProperties) = preSolution
		HideSolutionNode = FALSE
	EndGlobalSection
	GlobalSection(ExtensibilityGlobals) = postSolution
		SolutionGuid = {5E4300B6-D086-42F9-A2D0-2D5C292042A7}
	EndGlobalSection
EndGlobal
